
Microsoft Visual Studio Solution File, Format Version 12.00
# Visual Studio 15
VisualStudioVersion = 15.0.28307.168
MinimumVisualStudioVersion = 10.0.40219.1
Project("{FAE04EC0-301F-11D3-BF4B-00C04F79EFBC}") = "OpenSourceTelemetrieServer", "OpenSourceTelemetrieServer\OpenSourceTelemetrieServer.csproj", "{56D5E348-8DBC-462C-94A8-7F3BEB138A3C}"
EndProject
Project("{FAE04EC0-301F-11D3-BF4B-00C04F79EFBC}") = "OpenSourceTelemetrieData", "OpenSourceTelemetrieData\OpenSourceTelemetrieData.csproj", "{54F94AFD-7D62-4237-86A0-39FCB32F3E4D}"
EndProject
Project("{FAE04EC0-301F-11D3-BF4B-00C04F79EFBC}") = "BuildIpCountryDatabase", "BuildIpCountryDatabase\BuildIpCountryDatabase.csproj", "{614D2713-EB00-4BCB-A94C-CFBA82CE1522}"
EndProject
Global
	GlobalSection(SolutionConfigurationPlatforms) = preSolution
		Debug|Any CPU = Debug|Any CPU
		Release|Any CPU = Release|Any CPU
	EndGlobalSection
	GlobalSection(ProjectConfigurationPlatforms) = postSolution
		{56D5E348-8DBC-462C-94A8-7F3BEB138A3C}.Debug|Any CPU.ActiveCfg = Debug|Any CPU
		{56D5E348-8DBC-462C-94A8-7F3BEB138A3C}.Debug|Any CPU.Build.0 = Debug|Any CPU
		{56D5E348-8DBC-462C-94A8-7F3BEB138A3C}.Release|Any CPU.ActiveCfg = Release|Any CPU
		{56D5E348-8DBC-462C-94A8-7F3BEB138A3C}.Release|Any CPU.Build.0 = Release|Any CPU
		{54F94AFD-7D62-4237-86A0-39FCB32F3E4D}.Debug|Any CPU.ActiveCfg = Debug|Any CPU
		{54F94AFD-7D62-4237-86A0-39FCB32F3E4D}.Debug|Any CPU.Build.0 = Debug|Any CPU
		{54F94AFD-7D62-4237-86A0-39FCB32F3E4D}.Release|Any CPU.ActiveCfg = Release|Any CPU
		{54F94AFD-7D62-4237-86A0-39FCB32F3E4D}.Release|Any CPU.Build.0 = Release|Any CPU
		{614D2713-EB00-4BCB-A94C-CFBA82CE1522}.Debug|Any CPU.ActiveCfg = Debug|Any CPU
		{614D2713-EB00-4BCB-A94C-CFBA82CE1522}.Debug|Any CPU.Build.0 = Debug|Any CPU
		{614D2713-EB00-4BCB-A94C-CFBA82CE1522}.Release|Any CPU.ActiveCfg = Release|Any CPU
		{614D2713-EB00-4BCB-A94C-CFBA82CE1522}.Release|Any CPU.Build.0 = Release|Any CPU
	EndGlobalSection
	GlobalSection(SolutionProperties) = preSolution
		HideSolutionNode = FALSE
	EndGlobalSection
	GlobalSection(ExtensibilityGlobals) = postSolution
		SolutionGuid = {151A6D14-D2C2-45F0-AA7B-D357E9D23D99}
	EndGlobalSection
EndGlobal
